
Microsoft Visual Studio Solution File, Format Version 12.00
# Visual Studio Version 16
VisualStudioVersion = 16.0.810.14
MinimumVisualStudioVersion = 10.0.40219.1
Project("{FAE04EC0-301F-11D3-BF4B-00C04F79EFBC}") = "CountYourselfApp.Android", "CountYourselfApp.Android\CountYourselfApp.Android.csproj", "{FAAF3692-423A-4E97-B252-995A54F247ED}"
EndProject
Project("{FAE04EC0-301F-11D3-BF4B-00C04F79EFBC}") = "CountYourselfApp.iOS", "CountYourselfApp.iOS\CountYourselfApp.iOS.csproj", "{5664AF87-9604-4A58-8115-01F2CDE5E4AD}"
EndProject
Project("{FAE04EC0-301F-11D3-BF4B-00C04F79EFBC}") = "CountYourselfApp", "CountYourselfApp\CountYourselfApp.csproj", "{5256FE2F-7356-4F2C-9E49-DF0013E59949}"
EndProject
Global
	GlobalSection(SolutionConfigurationPlatforms) = preSolution
		Debug|Any CPU = Debug|Any CPU
		Release|Any CPU = Release|Any CPU
		Debug|iPhoneSimulator = Debug|iPhoneSimulator
		Release|iPhoneSimulator = Release|iPhoneSimulator
		Debug|iPhone = Debug|iPhone
		Release|iPhone = Release|iPhone
	EndGlobalSection
	GlobalSection(ProjectConfigurationPlatforms) = postSolution
		{FAAF3692-423A-4E97-B252-995A54F247ED}.Debug|Any CPU.ActiveCfg = Debug|Any CPU
		{FAAF3692-423A-4E97-B252-995A54F247ED}.Debug|Any CPU.Build.0 = Debug|Any CPU
		{FAAF3692-423A-4E97-B252-995A54F247ED}.Release|Any CPU.ActiveCfg = Release|Any CPU
		{FAAF3692-423A-4E97-B252-995A54F247ED}.Release|Any CPU.Build.0 = Release|Any CPU
		{FAAF3692-423A-4E97-B252-995A54F247ED}.Debug|iPhoneSimulator.ActiveCfg = Debug|Any CPU
		{FAAF3692-423A-4E97-B252-995A54F247ED}.Debug|iPhoneSimulator.Build.0 = Debug|Any CPU
		{FAAF3692-423A-4E97-B252-995A54F247ED}.Release|iPhoneSimulator.ActiveCfg = Release|Any CPU
		{FAAF3692-423A-4E97-B252-995A54F247ED}.Release|iPhoneSimulator.Build.0 = Release|Any CPU
		{FAAF3692-423A-4E97-B252-995A54F247ED}.Debug|iPhone.ActiveCfg = Debug|Any CPU
		{FAAF3692-423A-4E97-B252-995A54F247ED}.Debug|iPhone.Build.0 = Debug|Any CPU
		{FAAF3692-423A-4E97-B252-995A54F247ED}.Release|iPhone.ActiveCfg = Release|Any CPU
		{FAAF3692-423A-4E97-B252-995A54F247ED}.Release|iPhone.Build.0 = Release|Any CPU
		{5664AF87-9604-4A58-8115-01F2CDE5E4AD}.Debug|Any CPU.ActiveCfg = Debug|iPhoneSimulator
		{5664AF87-9604-4A58-8115-01F2CDE5E4AD}.Debug|Any CPU.Build.0 = Debug|iPhoneSimulator
		{5664AF87-9604-4A58-8115-01F2CDE5E4AD}.Release|Any CPU.ActiveCfg = Release|iPhoneSimulator
		{5664AF87-9604-4A58-8115-01F2CDE5E4AD}.Release|Any CPU.Build.0 = Release|iPhoneSimulator
		{5664AF87-9604-4A58-8115-01F2CDE5E4AD}.Debug|iPhoneSimulator.ActiveCfg = Debug|iPhoneSimulator
		{5664AF87-9604-4A58-8115-01F2CDE5E4AD}.Debug|iPhoneSimulator.Build.0 = Debug|iPhoneSimulator
		{5664AF87-9604-4A58-8115-01F2CDE5E4AD}.Release|iPhoneSimulator.ActiveCfg = Release|iPhoneSimulator
		{5664AF87-9604-4A58-8115-01F2CDE5E4AD}.Release|iPhoneSimulator.Build.0 = Release|iPhoneSimulator
		{5664AF87-9604-4A58-8115-01F2CDE5E4AD}.Debug|iPhone.ActiveCfg = Debug|iPhone
		{5664AF87-9604-4A58-8115-01F2CDE5E4AD}.Debug|iPhone.Build.0 = Debug|iPhone
		{5664AF87-9604-4A58-8115-01F2CDE5E4AD}.Release|iPhone.ActiveCfg = Release|iPhone
		{5664AF87-9604-4A58-8115-01F2CDE5E4AD}.Release|iPhone.Build.0 = Release|iPhone
		{5256FE2F-7356-4F2C-9E49-DF0013E59949}.Debug|Any CPU.ActiveCfg = Debug|Any CPU
		{5256FE2F-7356-4F2C-9E49-DF0013E59949}.Debug|Any CPU.Build.0 = Debug|Any CPU
		{5256FE2F-7356-4F2C-9E49-DF0013E59949}.Release|Any CPU.ActiveCfg = Release|Any CPU
		{5256FE2F-7356-4F2C-9E49-DF0013E59949}.Release|Any CPU.Build.0 = Release|Any CPU
		{5256FE2F-7356-4F2C-9E49-DF0013E59949}.Debug|iPhoneSimulator.ActiveCfg = Debug|Any CPU
		{5256FE2F-7356-4F2C-9E49-DF0013E59949}.Debug|iPhoneSimulator.Build.0 = Debug|Any CPU
		{5256FE2F-7356-4F2C-9E49-DF0013E59949}.Release|iPhoneSimulator.ActiveCfg = Release|Any CPU
		{5256FE2F-7356-4F2C-9E49-DF0013E59949}.Release|iPhoneSimulator.Build.0 = Release|Any CPU
		{5256FE2F-7356-4F2C-9E49-DF0013E59949}.Debug|iPhone.ActiveCfg = Debug|Any CPU
		{5256FE2F-7356-4F2C-9E49-DF0013E59949}.Debug|iPhone.Build.0 = Debug|Any CPU
		{5256FE2F-7356-4F2C-9E49-DF0013E59949}.Release|iPhone.ActiveCfg = Release|Any CPU
		{5256FE2F-7356-4F2C-9E49-DF0013E59949}.Release|iPhone.Build.0 = Release|Any CPU
	EndGlobalSection
	GlobalSection(SolutionProperties) = preSolution
		HideSolutionNode = FALSE
	EndGlobalSection
	GlobalSection(ExtensibilityGlobals) = postSolution
		SolutionGuid = {7AF0884D-E860-4A4F-991C-1A3F43CE92DC}
	EndGlobalSection
EndGlobal
